
Microsoft Visual Studio Solution File, Format Version 11.00
# Visual Studio 2010
Project("{FAE04EC0-301F-11D3-BF4B-00C04F79EFBC}") = "UnityEngine.TestRunner", "UnityEngine.TestRunner.csproj", "{d0754f9e-4e7a-dc29-17ee-3011d2d5cf2e}"
EndProject
Project("{FAE04EC0-301F-11D3-BF4B-00C04F79EFBC}") = "Assembly-CSharp", "Assembly-CSharp.csproj", "{e2b09e5b-ae37-555a-2575-cbb99413ed9e}"
EndProject
Project("{FAE04EC0-301F-11D3-BF4B-00C04F79EFBC}") = "Unity.Mathematics", "Unity.Mathematics.csproj", "{5a7b3e31-c420-de03-62a5-352ebe05c6bb}"
EndProject
Project("{FAE04EC0-301F-11D3-BF4B-00C04F79EFBC}") = "Unity.2D.Animation.Triangle.Runtime", "Unity.2D.Animation.Triangle.Runtime.csproj", "{590872e9-257e-8ae4-0d5d-1dc04b91614f}"
EndProject
Project("{FAE04EC0-301F-11D3-BF4B-00C04F79EFBC}") = "Unity.Timeline", "Unity.Timeline.csproj", "{3c2ed288-6a91-9050-4331-2a7624ce246a}"
EndProject
Project("{FAE04EC0-301F-11D3-BF4B-00C04F79EFBC}") = "UnityEngine.UI", "UnityEngine.UI.csproj", "{0e1ac1ed-888d-3474-7ee0-54c48438e8c8}"
EndProject
Project("{FAE04EC0-301F-11D3-BF4B-00C04F79EFBC}") = "Unity.TextMeshPro", "Unity.TextMeshPro.csproj", "{2f96ad9d-d831-dcc9-3d9a-c49a73f389dc}"
EndProject
Project("{FAE04EC0-301F-11D3-BF4B-00C04F79EFBC}") = "Unity.2D.Animation.Runtime", "Unity.2D.Animation.Runtime.csproj", "{4ac52b8f-2aec-e235-9bde-3bafd6db03c5}"
EndProject
Project("{FAE04EC0-301F-11D3-BF4B-00C04F79EFBC}") = "Unity.2D.IK.Runtime", "Unity.2D.IK.Runtime.csproj", "{4bafe201-9b63-f15d-8b45-8209eaf06f72}"
EndProject
Project("{FAE04EC0-301F-11D3-BF4B-00C04F79EFBC}") = "Unity.2D.SpriteShape.Runtime", "Unity.2D.SpriteShape.Runtime.csproj", "{89d30eea-74f9-79c2-a6bb-da6a82b032ba}"
EndProject
Project("{FAE04EC0-301F-11D3-BF4B-00C04F79EFBC}") = "Unity.2D.PixelPerfect", "Unity.2D.PixelPerfect.csproj", "{f3a7e2d8-0fc6-8568-8845-2f3962113229}"
EndProject
Project("{FAE04EC0-301F-11D3-BF4B-00C04F79EFBC}") = "Unity.2D.Common.Runtime", "Unity.2D.Common.Runtime.csproj", "{a0b2004b-e5fd-343e-1024-2288467e68ce}"
EndProject
Project("{FAE04EC0-301F-11D3-BF4B-00C04F79EFBC}") = "Unity.InternalAPIEngineBridge.001", "Unity.InternalAPIEngineBridge.001.csproj", "{ac8aa021-7c73-2e09-2916-aaf10c6ca1de}"
EndProject
Project("{FAE04EC0-301F-11D3-BF4B-00C04F79EFBC}") = "UnityEditor.TestRunner", "UnityEditor.TestRunner.csproj", "{834013ee-467c-3272-6eb4-d6062af67844}"
EndProject
Project("{FAE04EC0-301F-11D3-BF4B-00C04F79EFBC}") = "Unity.PlasticSCM.Editor", "Unity.PlasticSCM.Editor.csproj", "{217ee43c-6f70-3022-e769-099a66d53335}"
EndProject
Project("{FAE04EC0-301F-11D3-BF4B-00C04F79EFBC}") = "UnityEditor.UI", "UnityEditor.UI.csproj", "{ce6bdb51-661f-9755-5fcd-b041cec3010f}"
EndProject
Project("{FAE04EC0-301F-11D3-BF4B-00C04F79EFBC}") = "Unity.Services.Core.Editor", "Unity.Services.Core.Editor.csproj", "{11a6814f-27b4-0121-9309-9964fdc749ac}"
EndProject
Project("{FAE04EC0-301F-11D3-BF4B-00C04F79EFBC}") = "Unity.Timeline.Editor", "Unity.Timeline.Editor.csproj", "{671f07c1-a8f9-27fa-373b-e6ae8e0a35c0}"
EndProject
Project("{FAE04EC0-301F-11D3-BF4B-00C04F79EFBC}") = "Unity.VisualStudio.Editor", "Unity.VisualStudio.Editor.csproj", "{61abcf99-e799-5438-7ce8-af65dc7bdace}"
EndProject
Project("{FAE04EC0-301F-11D3-BF4B-00C04F79EFBC}") = "Unity.2D.Psdimporter.Editor", "Unity.2D.Psdimporter.Editor.csproj", "{77ab08a2-7fe0-5d41-5e52-5c361ace3660}"
EndProject
Project("{FAE04EC0-301F-11D3-BF4B-00C04F79EFBC}") = "Unity.2D.Animation.Editor", "Unity.2D.Animation.Editor.csproj", "{fe2b8655-ada8-7a09-ceae-b6d7835a89e2}"
EndProject
Project("{FAE04EC0-301F-11D3-BF4B-00C04F79EFBC}") = "Unity.TextMeshPro.Editor", "Unity.TextMeshPro.Editor.csproj", "{df6f63d2-dd93-9f34-e691-a7ab07f7af57}"
EndProject
Project("{FAE04EC0-301F-11D3-BF4B-00C04F79EFBC}") = "Unity.2D.SpriteShape.Editor", "Unity.2D.SpriteShape.Editor.csproj", "{d51f41b9-f13e-94a8-a6e0-084f077099b9}"
EndProject
Project("{FAE04EC0-301F-11D3-BF4B-00C04F79EFBC}") = "Unity.CollabProxy.Editor", "Unity.CollabProxy.Editor.csproj", "{77f5a26d-7010-0a91-aa98-2efb3eed832e}"
EndProject
Project("{FAE04EC0-301F-11D3-BF4B-00C04F79EFBC}") = "PsdPlugin", "PsdPlugin.csproj", "{0e96863c-6364-efb4-c593-f3e6c16ff7ce}"
EndProject
Project("{FAE04EC0-301F-11D3-BF4B-00C04F79EFBC}") = "Unity.2D.Path.Editor", "Unity.2D.Path.Editor.csproj", "{0ac5ed1e-11b0-c8ff-6bdc-f6443d6aab0a}"
EndProject
Project("{FAE04EC0-301F-11D3-BF4B-00C04F79EFBC}") = "Unity.Rider.Editor", "Unity.Rider.Editor.csproj", "{c0558279-85fe-dcf3-bdf1-86cd65079b17}"
EndProject
Project("{FAE04EC0-301F-11D3-BF4B-00C04F79EFBC}") = "Unity.2D.IK.Editor", "Unity.2D.IK.Editor.csproj", "{8a9c7af5-45cd-08ef-ab12-b99c66f9559c}"
EndProject
Project("{FAE04EC0-301F-11D3-BF4B-00C04F79EFBC}") = "Unity.2D.Sprite.Editor", "Unity.2D.Sprite.Editor.csproj", "{45a569a8-42a1-4675-db2f-69c723e5a5c2}"
EndProject
Project("{FAE04EC0-301F-11D3-BF4B-00C04F79EFBC}") = "Unity.2D.Tilemap.Editor", "Unity.2D.Tilemap.Editor.csproj", "{449a46ec-1e5d-c681-ceb7-264e152dc3bb}"
EndProject
Project("{FAE04EC0-301F-11D3-BF4B-00C04F79EFBC}") = "Unity.2D.PixelPerfect.Editor", "Unity.2D.PixelPerfect.Editor.csproj", "{43741d24-9081-21b7-9fcd-982721dc71f0}"
EndProject
Project("{FAE04EC0-301F-11D3-BF4B-00C04F79EFBC}") = "Unity.VSCode.Editor", "Unity.VSCode.Editor.csproj", "{cca6c682-7efb-1ef2-8533-04e15d9c4dbf}"
EndProject
Project("{FAE04EC0-301F-11D3-BF4B-00C04F79EFBC}") = "Unity.2D.Common.Editor", "Unity.2D.Common.Editor.csproj", "{d6bfcb39-a633-1e1b-d85d-9aaf28499dfa}"
EndProject
Project("{FAE04EC0-301F-11D3-BF4B-00C04F79EFBC}") = "Unity.Mathematics.Editor", "Unity.Mathematics.Editor.csproj", "{badd4312-fb0d-360a-1d07-43bbf5d39278}"
EndProject
Project("{FAE04EC0-301F-11D3-BF4B-00C04F79EFBC}") = "Unity.InternalAPIEditorBridge.001", "Unity.InternalAPIEditorBridge.001.csproj", "{c166395a-baa0-9b2a-d808-ffdcdfd84da6}"
EndProject
Global
	GlobalSection(SolutionConfigurationPlatforms) = preSolution
		Debug|Any CPU = Debug|Any CPU
		Release|Any CPU = Release|Any CPU
	EndGlobalSection
	GlobalSection(ProjectConfigurationPlatforms) = postSolution
		{d0754f9e-4e7a-dc29-17ee-3011d2d5cf2e}.Debug|Any CPU.ActiveCfg = Debug|Any CPU
		{d0754f9e-4e7a-dc29-17ee-3011d2d5cf2e}.Debug|Any CPU.Build.0 = Debug|Any CPU
		{d0754f9e-4e7a-dc29-17ee-3011d2d5cf2e}.Release|Any CPU.ActiveCfg = Release|Any CPU
		{d0754f9e-4e7a-dc29-17ee-3011d2d5cf2e}.Release|Any CPU.Build.0 = Release|Any CPU
		{e2b09e5b-ae37-555a-2575-cbb99413ed9e}.Debug|Any CPU.ActiveCfg = Debug|Any CPU
		{e2b09e5b-ae37-555a-2575-cbb99413ed9e}.Debug|Any CPU.Build.0 = Debug|Any CPU
		{e2b09e5b-ae37-555a-2575-cbb99413ed9e}.Release|Any CPU.ActiveCfg = Release|Any CPU
		{e2b09e5b-ae37-555a-2575-cbb99413ed9e}.Release|Any CPU.Build.0 = Release|Any CPU
		{5a7b3e31-c420-de03-62a5-352ebe05c6bb}.Debug|Any CPU.ActiveCfg = Debug|Any CPU
		{5a7b3e31-c420-de03-62a5-352ebe05c6bb}.Debug|Any CPU.Build.0 = Debug|Any CPU
		{5a7b3e31-c420-de03-62a5-352ebe05c6bb}.Release|Any CPU.ActiveCfg = Release|Any CPU
		{5a7b3e31-c420-de03-62a5-352ebe05c6bb}.Release|Any CPU.Build.0 = Release|Any CPU
		{590872e9-257e-8ae4-0d5d-1dc04b91614f}.Debug|Any CPU.ActiveCfg = Debug|Any CPU
		{590872e9-257e-8ae4-0d5d-1dc04b91614f}.Debug|Any CPU.Build.0 = Debug|Any CPU
		{590872e9-257e-8ae4-0d5d-1dc04b91614f}.Release|Any CPU.ActiveCfg = Release|Any CPU
		{590872e9-257e-8ae4-0d5d-1dc04b91614f}.Release|Any CPU.Build.0 = Release|Any CPU
		{3c2ed288-6a91-9050-4331-2a7624ce246a}.Debug|Any CPU.ActiveCfg = Debug|Any CPU
		{3c2ed288-6a91-9050-4331-2a7624ce246a}.Debug|Any CPU.Build.0 = Debug|Any CPU
		{3c2ed288-6a91-9050-4331-2a7624ce246a}.Release|Any CPU.ActiveCfg = Release|Any CPU
		{3c2ed288-6a91-9050-4331-2a7624ce246a}.Release|Any CPU.Build.0 = Release|Any CPU
		{0e1ac1ed-888d-3474-7ee0-54c48438e8c8}.Debug|Any CPU.ActiveCfg = Debug|Any CPU
		{0e1ac1ed-888d-3474-7ee0-54c48438e8c8}.Debug|Any CPU.Build.0 = Debug|Any CPU
		{0e1ac1ed-888d-3474-7ee0-54c48438e8c8}.Release|Any CPU.ActiveCfg = Release|Any CPU
		{0e1ac1ed-888d-3474-7ee0-54c48438e8c8}.Release|Any CPU.Build.0 = Release|Any CPU
		{2f96ad9d-d831-dcc9-3d9a-c49a73f389dc}.Debug|Any CPU.ActiveCfg = Debug|Any CPU
		{2f96ad9d-d831-dcc9-3d9a-c49a73f389dc}.Debug|Any CPU.Build.0 = Debug|Any CPU
		{2f96ad9d-d831-dcc9-3d9a-c49a73f389dc}.Release|Any CPU.ActiveCfg = Release|Any CPU
		{2f96ad9d-d831-dcc9-3d9a-c49a73f389dc}.Release|Any CPU.Build.0 = Release|Any CPU
		{4ac52b8f-2aec-e235-9bde-3bafd6db03c5}.Debug|Any CPU.ActiveCfg = Debug|Any CPU
		{4ac52b8f-2aec-e235-9bde-3bafd6db03c5}.Debug|Any CPU.Build.0 = Debug|Any CPU
		{4ac52b8f-2aec-e235-9bde-3bafd6db03c5}.Release|Any CPU.ActiveCfg = Release|Any CPU
		{4ac52b8f-2aec-e235-9bde-3bafd6db03c5}.Release|Any CPU.Build.0 = Release|Any CPU
		{4bafe201-9b63-f15d-8b45-8209eaf06f72}.Debug|Any CPU.ActiveCfg = Debug|Any CPU
		{4bafe201-9b63-f15d-8b45-8209eaf06f72}.Debug|Any CPU.Build.0 = Debug|Any CPU
		{4bafe201-9b63-f15d-8b45-8209eaf06f72}.Release|Any CPU.ActiveCfg = Release|Any CPU
		{4bafe201-9b63-f15d-8b45-8209eaf06f72}.Release|Any CPU.Build.0 = Release|Any CPU
		{89d30eea-74f9-79c2-a6bb-da6a82b032ba}.Debug|Any CPU.ActiveCfg = Debug|Any CPU
		{89d30eea-74f9-79c2-a6bb-da6a82b032ba}.Debug|Any CPU.Build.0 = Debug|Any CPU
		{89d30eea-74f9-79c2-a6bb-da6a82b032ba}.Release|Any CPU.ActiveCfg = Release|Any CPU
		{89d30eea-74f9-79c2-a6bb-da6a82b032ba}.Release|Any CPU.Build.0 = Release|Any CPU
		{f3a7e2d8-0fc6-8568-8845-2f3962113229}.Debug|Any CPU.ActiveCfg = Debug|Any CPU
		{f3a7e2d8-0fc6-8568-8845-2f3962113229}.Debug|Any CPU.Build.0 = Debug|Any CPU
		{f3a7e2d8-0fc6-8568-8845-2f3962113229}.Release|Any CPU.ActiveCfg = Release|Any CPU
		{f3a7e2d8-0fc6-8568-8845-2f3962113229}.Release|Any CPU.Build.0 = Release|Any CPU
		{a0b2004b-e5fd-343e-1024-2288467e68ce}.Debug|Any CPU.ActiveCfg = Debug|Any CPU
		{a0b2004b-e5fd-343e-1024-2288467e68ce}.Debug|Any CPU.Build.0 = Debug|Any CPU
		{a0b2004b-e5fd-343e-1024-2288467e68ce}.Release|Any CPU.ActiveCfg = Release|Any CPU
		{a0b2004b-e5fd-343e-1024-2288467e68ce}.Release|Any CPU.Build.0 = Release|Any CPU
		{ac8aa021-7c73-2e09-2916-aaf10c6ca1de}.Debug|Any CPU.ActiveCfg = Debug|Any CPU
		{ac8aa021-7c73-2e09-2916-aaf10c6ca1de}.Debug|Any CPU.Build.0 = Debug|Any CPU
		{ac8aa021-7c73-2e09-2916-aaf10c6ca1de}.Release|Any CPU.ActiveCfg = Release|Any CPU
		{ac8aa021-7c73-2e09-2916-aaf10c6ca1de}.Release|Any CPU.Build.0 = Release|Any CPU
		{834013ee-467c-3272-6eb4-d6062af67844}.Debug|Any CPU.ActiveCfg = Debug|Any CPU
		{834013ee-467c-3272-6eb4-d6062af67844}.Debug|Any CPU.Build.0 = Debug|Any CPU
		{834013ee-467c-3272-6eb4-d6062af67844}.Release|Any CPU.ActiveCfg = Release|Any CPU
		{834013ee-467c-3272-6eb4-d6062af67844}.Release|Any CPU.Build.0 = Release|Any CPU
		{217ee43c-6f70-3022-e769-099a66d53335}.Debug|Any CPU.ActiveCfg = Debug|Any CPU
		{217ee43c-6f70-3022-e769-099a66d53335}.Debug|Any CPU.Build.0 = Debug|Any CPU
		{217ee43c-6f70-3022-e769-099a66d53335}.Release|Any CPU.ActiveCfg = Release|Any CPU
		{217ee43c-6f70-3022-e769-099a66d53335}.Release|Any CPU.Build.0 = Release|Any CPU
		{ce6bdb51-661f-9755-5fcd-b041cec3010f}.Debug|Any CPU.ActiveCfg = Debug|Any CPU
		{ce6bdb51-661f-9755-5fcd-b041cec3010f}.Debug|Any CPU.Build.0 = Debug|Any CPU
		{ce6bdb51-661f-9755-5fcd-b041cec3010f}.Release|Any CPU.ActiveCfg = Release|Any CPU
		{ce6bdb51-661f-9755-5fcd-b041cec3010f}.Release|Any CPU.Build.0 = Release|Any CPU
		{11a6814f-27b4-0121-9309-9964fdc749ac}.Debug|Any CPU.ActiveCfg = Debug|Any CPU
		{11a6814f-27b4-0121-9309-9964fdc749ac}.Debug|Any CPU.Build.0 = Debug|Any CPU
		{11a6814f-27b4-0121-9309-9964fdc749ac}.Release|Any CPU.ActiveCfg = Release|Any CPU
		{11a6814f-27b4-0121-9309-9964fdc749ac}.Release|Any CPU.Build.0 = Release|Any CPU
		{671f07c1-a8f9-27fa-373b-e6ae8e0a35c0}.Debug|Any CPU.ActiveCfg = Debug|Any CPU
		{671f07c1-a8f9-27fa-373b-e6ae8e0a35c0}.Debug|Any CPU.Build.0 = Debug|Any CPU
		{671f07c1-a8f9-27fa-373b-e6ae8e0a35c0}.Release|Any CPU.ActiveCfg = Release|Any CPU
		{671f07c1-a8f9-27fa-373b-e6ae8e0a35c0}.Release|Any CPU.Build.0 = Release|Any CPU
		{61abcf99-e799-5438-7ce8-af65dc7bdace}.Debug|Any CPU.ActiveCfg = Debug|Any CPU
		{61abcf99-e799-5438-7ce8-af65dc7bdace}.Debug|Any CPU.Build.0 = Debug|Any CPU
		{61abcf99-e799-5438-7ce8-af65dc7bdace}.Release|Any CPU.ActiveCfg = Release|Any CPU
		{61abcf99-e799-5438-7ce8-af65dc7bdace}.Release|Any CPU.Build.0 = Release|Any CPU
		{77ab08a2-7fe0-5d41-5e52-5c361ace3660}.Debug|Any CPU.ActiveCfg = Debug|Any CPU
		{77ab08a2-7fe0-5d41-5e52-5c361ace3660}.Debug|Any CPU.Build.0 = Debug|Any CPU
		{77ab08a2-7fe0-5d41-5e52-5c361ace3660}.Release|Any CPU.ActiveCfg = Release|Any CPU
		{77ab08a2-7fe0-5d41-5e52-5c361ace3660}.Release|Any CPU.Build.0 = Release|Any CPU
		{fe2b8655-ada8-7a09-ceae-b6d7835a89e2}.Debug|Any CPU.ActiveCfg = Debug|Any CPU
		{fe2b8655-ada8-7a09-ceae-b6d7835a89e2}.Debug|Any CPU.Build.0 = Debug|Any CPU
		{fe2b8655-ada8-7a09-ceae-b6d7835a89e2}.Release|Any CPU.ActiveCfg = Release|Any CPU
		{fe2b8655-ada8-7a09-ceae-b6d7835a89e2}.Release|Any CPU.Build.0 = Release|Any CPU
		{df6f63d2-dd93-9f34-e691-a7ab07f7af57}.Debug|Any CPU.ActiveCfg = Debug|Any CPU
		{df6f63d2-dd93-9f34-e691-a7ab07f7af57}.Debug|Any CPU.Build.0 = Debug|Any CPU
		{df6f63d2-dd93-9f34-e691-a7ab07f7af57}.Release|Any CPU.ActiveCfg = Release|Any CPU
		{df6f63d2-dd93-9f34-e691-a7ab07f7af57}.Release|Any CPU.Build.0 = Release|Any CPU
		{d51f41b9-f13e-94a8-a6e0-084f077099b9}.Debug|Any CPU.ActiveCfg = Debug|Any CPU
		{d51f41b9-f13e-94a8-a6e0-084f077099b9}.Debug|Any CPU.Build.0 = Debug|Any CPU
		{d51f41b9-f13e-94a8-a6e0-084f077099b9}.Release|Any CPU.ActiveCfg = Release|Any CPU
		{d51f41b9-f13e-94a8-a6e0-084f077099b9}.Release|Any CPU.Build.0 = Release|Any CPU
		{77f5a26d-7010-0a91-aa98-2efb3eed832e}.Debug|Any CPU.ActiveCfg = Debug|Any CPU
		{77f5a26d-7010-0a91-aa98-2efb3eed832e}.Debug|Any CPU.Build.0 = Debug|Any CPU
		{77f5a26d-7010-0a91-aa98-2efb3eed832e}.Release|Any CPU.ActiveCfg = Release|Any CPU
		{77f5a26d-7010-0a91-aa98-2efb3eed832e}.Release|Any CPU.Build.0 = Release|Any CPU
		{0e96863c-6364-efb4-c593-f3e6c16ff7ce}.Debug|Any CPU.ActiveCfg = Debug|Any CPU
		{0e96863c-6364-efb4-c593-f3e6c16ff7ce}.Debug|Any CPU.Build.0 = Debug|Any CPU
		{0e96863c-6364-efb4-c593-f3e6c16ff7ce}.Release|Any CPU.ActiveCfg = Release|Any CPU
		{0e96863c-6364-efb4-c593-f3e6c16ff7ce}.Release|Any CPU.Build.0 = Release|Any CPU
		{0ac5ed1e-11b0-c8ff-6bdc-f6443d6aab0a}.Debug|Any CPU.ActiveCfg = Debug|Any CPU
		{0ac5ed1e-11b0-c8ff-6bdc-f6443d6aab0a}.Debug|Any CPU.Build.0 = Debug|Any CPU
		{0ac5ed1e-11b0-c8ff-6bdc-f6443d6aab0a}.Release|Any CPU.ActiveCfg = Release|Any CPU
		{0ac5ed1e-11b0-c8ff-6bdc-f6443d6aab0a}.Release|Any CPU.Build.0 = Release|Any CPU
		{c0558279-85fe-dcf3-bdf1-86cd65079b17}.Debug|Any CPU.ActiveCfg = Debug|Any CPU
		{c0558279-85fe-dcf3-bdf1-86cd65079b17}.Debug|Any CPU.Build.0 = Debug|Any CPU
		{c0558279-85fe-dcf3-bdf1-86cd65079b17}.Release|Any CPU.ActiveCfg = Release|Any CPU
		{c0558279-85fe-dcf3-bdf1-86cd65079b17}.Release|Any CPU.Build.0 = Release|Any CPU
		{8a9c7af5-45cd-08ef-ab12-b99c66f9559c}.Debug|Any CPU.ActiveCfg = Debug|Any CPU
		{8a9c7af5-45cd-08ef-ab12-b99c66f9559c}.Debug|Any CPU.Build.0 = Debug|Any CPU
		{8a9c7af5-45cd-08ef-ab12-b99c66f9559c}.Release|Any CPU.ActiveCfg = Release|Any CPU
		{8a9c7af5-45cd-08ef-ab12-b99c66f9559c}.Release|Any CPU.Build.0 = Release|Any CPU
		{45a569a8-42a1-4675-db2f-69c723e5a5c2}.Debug|Any CPU.ActiveCfg = Debug|Any CPU
		{45a569a8-42a1-4675-db2f-69c723e5a5c2}.Debug|Any CPU.Build.0 = Debug|Any CPU
		{45a569a8-42a1-4675-db2f-69c723e5a5c2}.Release|Any CPU.ActiveCfg = Release|Any CPU
		{45a569a8-42a1-4675-db2f-69c723e5a5c2}.Release|Any CPU.Build.0 = Release|Any CPU
		{449a46ec-1e5d-c681-ceb7-264e152dc3bb}.Debug|Any CPU.ActiveCfg = Debug|Any CPU
		{449a46ec-1e5d-c681-ceb7-264e152dc3bb}.Debug|Any CPU.Build.0 = Debug|Any CPU
		{449a46ec-1e5d-c681-ceb7-264e152dc3bb}.Release|Any CPU.ActiveCfg = Release|Any CPU
		{449a46ec-1e5d-c681-ceb7-264e152dc3bb}.Release|Any CPU.Build.0 = Release|Any CPU
		{43741d24-9081-21b7-9fcd-982721dc71f0}.Debug|Any CPU.ActiveCfg = Debug|Any CPU
		{43741d24-9081-21b7-9fcd-982721dc71f0}.Debug|Any CPU.Build.0 = Debug|Any CPU
		{43741d24-9081-21b7-9fcd-982721dc71f0}.Release|Any CPU.ActiveCfg = Release|Any CPU
		{43741d24-9081-21b7-9fcd-982721dc71f0}.Release|Any CPU.Build.0 = Release|Any CPU
		{cca6c682-7efb-1ef2-8533-04e15d9c4dbf}.Debug|Any CPU.ActiveCfg = Debug|Any CPU
		{cca6c682-7efb-1ef2-8533-04e15d9c4dbf}.Debug|Any CPU.Build.0 = Debug|Any CPU
		{cca6c682-7efb-1ef2-8533-04e15d9c4dbf}.Release|Any CPU.ActiveCfg = Release|Any CPU
		{cca6c682-7efb-1ef2-8533-04e15d9c4dbf}.Release|Any CPU.Build.0 = Release|Any CPU
		{d6bfcb39-a633-1e1b-d85d-9aaf28499dfa}.Debug|Any CPU.ActiveCfg = Debug|Any CPU
		{d6bfcb39-a633-1e1b-d85d-9aaf28499dfa}.Debug|Any CPU.Build.0 = Debug|Any CPU
		{d6bfcb39-a633-1e1b-d85d-9aaf28499dfa}.Release|Any CPU.ActiveCfg = Release|Any CPU
		{d6bfcb39-a633-1e1b-d85d-9aaf28499dfa}.Release|Any CPU.Build.0 = Release|Any CPU
		{badd4312-fb0d-360a-1d07-43bbf5d39278}.Debug|Any CPU.ActiveCfg = Debug|Any CPU
		{badd4312-fb0d-360a-1d07-43bbf5d39278}.Debug|Any CPU.Build.0 = Debug|Any CPU
		{badd4312-fb0d-360a-1d07-43bbf5d39278}.Release|Any CPU.ActiveCfg = Release|Any CPU
		{badd4312-fb0d-360a-1d07-43bbf5d39278}.Release|Any CPU.Build.0 = Release|Any CPU
		{c166395a-baa0-9b2a-d808-ffdcdfd84da6}.Debug|Any CPU.ActiveCfg = Debug|Any CPU
		{c166395a-baa0-9b2a-d808-ffdcdfd84da6}.Debug|Any CPU.Build.0 = Debug|Any CPU
		{c166395a-baa0-9b2a-d808-ffdcdfd84da6}.Release|Any CPU.ActiveCfg = Release|Any CPU
		{c166395a-baa0-9b2a-d808-ffdcdfd84da6}.Release|Any CPU.Build.0 = Release|Any CPU
	EndGlobalSection
	GlobalSection(SolutionProperties) = preSolution
		HideSolutionNode = FALSE
	EndGlobalSection
EndGlobal
